
Microsoft Visual Studio Solution File, Format Version 12.00
# Visual Studio 15
VisualStudioVersion = 15.0.28307.168
MinimumVisualStudioVersion = 10.0.40219.1
Project("{FAE04EC0-301F-11D3-BF4B-00C04F79EFBC}") = "RandomLoot", "RandomLoot\RandomLoot.csproj", "{F5385C17-1B21-4DF0-9304-7C1555E3A829}"
EndProject
Global
	GlobalSection(SolutionConfigurationPlatforms) = preSolution
		Debug|Any CPU = Debug|Any CPU
		Release|Any CPU = Release|Any CPU
	EndGlobalSection
	GlobalSection(ProjectConfigurationPlatforms) = postSolution
		{F5385C17-1B21-4DF0-9304-7C1555E3A829}.Debug|Any CPU.ActiveCfg = Debug|Any CPU
		{F5385C17-1B21-4DF0-9304-7C1555E3A829}.Debug|Any CPU.Build.0 = Debug|Any CPU
		{F5385C17-1B21-4DF0-9304-7C1555E3A829}.Release|Any CPU.ActiveCfg = Release|Any CPU
		{F5385C17-1B21-4DF0-9304-7C1555E3A829}.Release|Any CPU.Build.0 = Release|Any CPU
	EndGlobalSection
	GlobalSection(SolutionProperties) = preSolution
		HideSolutionNode = FALSE
	EndGlobalSection
	GlobalSection(ExtensibilityGlobals) = postSolution
		SolutionGuid = {CC274C88-BA98-4837-BF9F-9032C0277BEB}
	EndGlobalSection
EndGlobal
